
Microsoft Visual Studio Solution File, Format Version 12.00
# Visual Studio 14
VisualStudioVersion = 14.0.25420.1
MinimumVisualStudioVersion = 10.0.40219.1
Project("{FAE04EC0-301F-11D3-BF4B-00C04F79EFBC}") = "dz7", "dz7\dz7.csproj", "{DBA6A9BC-A417-4EF5-878C-10B3535A93B3}"
EndProject
Project("{FAE04EC0-301F-11D3-BF4B-00C04F79EFBC}") = "Loger", "Loger\Loger.csproj", "{A0936E5F-D524-4695-BBD7-CF6CD3A717A6}"
EndProject
Global
	GlobalSection(SolutionConfigurationPlatforms) = preSolution
		Debug|Any CPU = Debug|Any CPU
		Release|Any CPU = Release|Any CPU
	EndGlobalSection
	GlobalSection(ProjectConfigurationPlatforms) = postSolution
		{DBA6A9BC-A417-4EF5-878C-10B3535A93B3}.Debug|Any CPU.ActiveCfg = Debug|Any CPU
		{DBA6A9BC-A417-4EF5-878C-10B3535A93B3}.Debug|Any CPU.Build.0 = Debug|Any CPU
		{DBA6A9BC-A417-4EF5-878C-10B3535A93B3}.Release|Any CPU.ActiveCfg = Release|Any CPU
		{DBA6A9BC-A417-4EF5-878C-10B3535A93B3}.Release|Any CPU.Build.0 = Release|Any CPU
		{A0936E5F-D524-4695-BBD7-CF6CD3A717A6}.Debug|Any CPU.ActiveCfg = Debug|Any CPU
		{A0936E5F-D524-4695-BBD7-CF6CD3A717A6}.Debug|Any CPU.Build.0 = Debug|Any CPU
		{A0936E5F-D524-4695-BBD7-CF6CD3A717A6}.Release|Any CPU.ActiveCfg = Release|Any CPU
		{A0936E5F-D524-4695-BBD7-CF6CD3A717A6}.Release|Any CPU.Build.0 = Release|Any CPU
	EndGlobalSection
	GlobalSection(SolutionProperties) = preSolution
		HideSolutionNode = FALSE
	EndGlobalSection
EndGlobal
